<?xml version="1.0" encoding="utf-8"?>
<Project ToolsVersion="15.0" xmlns="http://schemas.microsoft.com/developer/msbuild/2003">
  <ItemGroup>
    <ClCompile Include="..\..\..\..\..\Common_3\Renderer\CommonShaderReflection.cpp">
      <Filter>Renderer</Filter>
    </ClCompile>
    <ClCompile Include="..\..\..\..\..\Common_3\Renderer\GpuProfiler.cpp">
      <Filter>Renderer</Filter>
    </ClCompile>
    <ClCompile Include="..\..\..\..\..\Common_3\Renderer\OpenGL\OpenGL.cpp">
      <Filter>Renderer</Filter>
    </ClCompile>
    <ClCompile Include="..\..\..\..\..\Common_3\Renderer\ResourceLoader.cpp">
      <Filter>Renderer</Filter>
    </ClCompile>
    <ClCompile Include="..\..\..\..\..\Common_3\ThirdParty\OpenSource\GLFW\src\egl_context.c">
      <Filter>Renderer\GLFW</Filter>
    </ClCompile>
    <ClCompile Include="..\..\..\..\..\Common_3\ThirdParty\OpenSource\GLFW\src\context.c">
      <Filter>Renderer\GLFW</Filter>
    </ClCompile>
    <ClCompile Include="..\..\..\..\..\Common_3\ThirdParty\OpenSource\GLFW\src\init.c">
      <Filter>Renderer\GLFW</Filter>
    </ClCompile>
    <ClCompile Include="..\..\..\..\..\Common_3\ThirdParty\OpenSource\GLFW\src\input.c">
      <Filter>Renderer\GLFW</Filter>
    </ClCompile>
    <ClCompile Include="..\..\..\..\..\Common_3\ThirdParty\OpenSource\GLFW\src\monitor.c">
      <Filter>Renderer\GLFW</Filter>
    </ClCompile>
    <ClCompile Include="..\..\..\..\..\Common_3\ThirdParty\OpenSource\GLFW\src\osmesa_context.c">
      <Filter>Renderer\GLFW</Filter>
    </ClCompile>
    <ClCompile Include="..\..\..\..\..\Common_3\ThirdParty\OpenSource\GLFW\src\vulkan.c">
      <Filter>Renderer\GLFW</Filter>
    </ClCompile>
    <ClCompile Include="..\..\..\..\..\Common_3\ThirdParty\OpenSource\GLFW\src\wgl_context.c">
      <Filter>Renderer\GLFW</Filter>
    </ClCompile>
    <ClCompile Include="..\..\..\..\..\Common_3\ThirdParty\OpenSource\GLFW\src\win32_init.c">
      <Filter>Renderer\GLFW</Filter>
    </ClCompile>
    <ClCompile Include="..\..\..\..\..\Common_3\ThirdParty\OpenSource\GLFW\src\win32_joystick.c">
      <Filter>Renderer\GLFW</Filter>
    </ClCompile>
    <ClCompile Include="..\..\..\..\..\Common_3\ThirdParty\OpenSource\GLFW\src\win32_monitor.c">
      <Filter>Renderer\GLFW</Filter>
    </ClCompile>
    <ClCompile Include="..\..\..\..\..\Common_3\ThirdParty\OpenSource\GLFW\src\win32_time.c">
      <Filter>Renderer\GLFW</Filter>
    </ClCompile>
    <ClCompile Include="..\..\..\..\..\Common_3\ThirdParty\OpenSource\GLFW\src\win32_thread.c">
      <Filter>Renderer\GLFW</Filter>
    </ClCompile>
    <ClCompile Include="..\..\..\..\..\Common_3\ThirdParty\OpenSource\GLFW\src\win32_window.c">
      <Filter>Renderer\GLFW</Filter>
    </ClCompile>
    <ClCompile Include="..\..\..\..\..\Common_3\ThirdParty\OpenSource\GLFW\src\window.c">
      <Filter>Renderer\GLFW</Filter>
    </ClCompile>
    <ClCompile Include="..\..\..\..\..\Common_3\Renderer\OpenGL\OpenGLShaderReflection.cpp">
      <Filter>Renderer</Filter>
    </ClCompile>
    <ClCompile Include="..\..\..\..\..\Common_3\Renderer\OpenGL\glcorearbcmd.cpp">
      <Filter>Renderer</Filter>
    </ClCompile>
  </ItemGroup>
  <ItemGroup>
    <Filter Include="Renderer">
      <UniqueIdentifier>{cd4c7382-0353-4ea3-aad8-1062fbc8f34e}</UniqueIdentifier>
    </Filter>
    <Filter Include="Renderer\GLFW">
      <UniqueIdentifier>{1d409368-6630-4ded-b392-7c850e1f8bdd}</UniqueIdentifier>
    </Filter>
  </ItemGroup>
  <ItemGroup>
    <ClInclude Include="..\..\..\..\..\Common_3\Renderer\OpenGL\glcorearbcmd.h">
      <Filter>Renderer</Filter>
    </ClInclude>
    <ClInclude Include="..\..\..\..\..\Common_3\Renderer\OpenGL\OpenGL.h">
      <Filter>Renderer</Filter>
    </ClInclude>
  </ItemGroup>
</Project>